// !$*UTF8*$!
{
	archiveVersion = 1;
	classes = {
	};
	objectVersion = 50;
	objects = {

/* Begin PBXBuildFile section */
		0105D8CE23E1BCB700141E11 /* VLCInfomations.swift in Sources */ = {isa = PBXBuildFile; fileRef = 0105D8CD23E1BCB700141E11 /* VLCInfomations.swift */; };
		0105D8D023E1C84300141E11 /* EririPlayer.swift in Sources */ = {isa = PBXBuildFile; fileRef = 0105D8CF23E1C84300141E11 /* EririPlayer.swift */; };
		01097A3F23E56C1900958F6E /* PlayerSliderView.swift in Sources */ = {isa = PBXBuildFile; fileRef = 01097A3E23E56C1900958F6E /* PlayerSliderView.swift */; };
		0155757B23E02D7400ECC898 /* VLCPlayerExtension.swift in Sources */ = {isa = PBXBuildFile; fileRef = 0155757A23E02D7400ECC898 /* VLCPlayerExtension.swift */; };
		0155757D23E0686200ECC898 /* InfoContentView.swift in Sources */ = {isa = PBXBuildFile; fileRef = 0155757C23E0686200ECC898 /* InfoContentView.swift */; };
		0189C95B23D5CA2F00FAAF83 /* AppDelegate.swift in Sources */ = {isa = PBXBuildFile; fileRef = 0189C95A23D5CA2F00FAAF83 /* AppDelegate.swift */; };
		0189C95D23D5CA2F00FAAF83 /* ContentView.swift in Sources */ = {isa = PBXBuildFile; fileRef = 0189C95C23D5CA2F00FAAF83 /* ContentView.swift */; };
		0189C95F23D5CA3300FAAF83 /* Assets.xcassets in Resources */ = {isa = PBXBuildFile; fileRef = 0189C95E23D5CA3300FAAF83 /* Assets.xcassets */; };
		0189C96223D5CA3300FAAF83 /* Preview Assets.xcassets in Resources */ = {isa = PBXBuildFile; fileRef = 0189C96123D5CA3300FAAF83 /* Preview Assets.xcassets */; };
		0189C96523D5CA3300FAAF83 /* Main.storyboard in Resources */ = {isa = PBXBuildFile; fileRef = 0189C96323D5CA3300FAAF83 /* Main.storyboard */; };
		0189C97823D5E8C700FAAF83 /* PromiseKit.framework in Frameworks */ = {isa = PBXBuildFile; fileRef = 0189C97023D5E8BF00FAAF83 /* PromiseKit.framework */; };
		0189C97923D5E8C700FAAF83 /* PromiseKit.framework in Embed Frameworks */ = {isa = PBXBuildFile; fileRef = 0189C97023D5E8BF00FAAF83 /* PromiseKit.framework */; settings = {ATTRIBUTES = (CodeSignOnCopy, RemoveHeadersOnCopy, ); }; };
		0189C97B23D5E8C800FAAF83 /* Sparkle.framework in Frameworks */ = {isa = PBXBuildFile; fileRef = 0189C96F23D5E8BF00FAAF83 /* Sparkle.framework */; };
		0189C97C23D5E8C800FAAF83 /* Sparkle.framework in Embed Frameworks */ = {isa = PBXBuildFile; fileRef = 0189C96F23D5E8BF00FAAF83 /* Sparkle.framework */; settings = {ATTRIBUTES = (CodeSignOnCopy, RemoveHeadersOnCopy, ); }; };
		0189C97D23D5E8CA00FAAF83 /* VLCKit.framework in Frameworks */ = {isa = PBXBuildFile; fileRef = 0189C97123D5E8BF00FAAF83 /* VLCKit.framework */; };
		0189C97E23D5E8CA00FAAF83 /* VLCKit.framework in Embed Frameworks */ = {isa = PBXBuildFile; fileRef = 0189C97123D5E8BF00FAAF83 /* VLCKit.framework */; settings = {ATTRIBUTES = (CodeSignOnCopy, RemoveHeadersOnCopy, ); }; };
		0189C98023D5E8F000FAAF83 /* PromiseKit.framework.dSYM in CopyFiles */ = {isa = PBXBuildFile; fileRef = 0189C97223D5E8BF00FAAF83 /* PromiseKit.framework.dSYM */; };
		0189C98123D5E8F000FAAF83 /* Sparkle.framework.dSYM in CopyFiles */ = {isa = PBXBuildFile; fileRef = 0189C96E23D5E8BF00FAAF83 /* Sparkle.framework.dSYM */; };
		0189C98423D5ED2600FAAF83 /* VideoView.swift in Sources */ = {isa = PBXBuildFile; fileRef = 0189C98323D5ED2600FAAF83 /* VideoView.swift */; };
		018F0C2B23D6DEDB008ACF4B /* VideoControlView.swift in Sources */ = {isa = PBXBuildFile; fileRef = 018F0C2A23D6DEDB008ACF4B /* VideoControlView.swift */; };
		018F0C3523D9E574008ACF4B /* VideoContainerView.swift in Sources */ = {isa = PBXBuildFile; fileRef = 018F0C3423D9E574008ACF4B /* VideoContainerView.swift */; };
		01D4A39623DDBE4600CAA688 /* VisualEffectView.swift in Sources */ = {isa = PBXBuildFile; fileRef = 01D4A39523DDBE4600CAA688 /* VisualEffectView.swift */; };
		01D4A39823DEA40200CAA688 /* Utils.swift in Sources */ = {isa = PBXBuildFile; fileRef = 01D4A39723DEA40200CAA688 /* Utils.swift */; };
		01D4A39A23DEE6D300CAA688 /* MainMenu.swift in Sources */ = {isa = PBXBuildFile; fileRef = 01D4A39923DEE6D300CAA688 /* MainMenu.swift */; };
		01D4A3A223DF387900CAA688 /* WaitTimer.swift in Sources */ = {isa = PBXBuildFile; fileRef = 01D4A3A123DF387800CAA688 /* WaitTimer.swift */; };
		01F103E823E01ECA00D12931 /* NSWindowExtension.swift in Sources */ = {isa = PBXBuildFile; fileRef = 01F103E723E01ECA00D12931 /* NSWindowExtension.swift */; };
/* End PBXBuildFile section */

/* Begin PBXCopyFilesBuildPhase section */
		0189C97A23D5E8C700FAAF83 /* Embed Frameworks */ = {
			isa = PBXCopyFilesBuildPhase;
			buildActionMask = 2147483647;
			dstPath = "";
			dstSubfolderSpec = 10;
			files = (
				0189C97E23D5E8CA00FAAF83 /* VLCKit.framework in Embed Frameworks */,
				0189C97923D5E8C700FAAF83 /* PromiseKit.framework in Embed Frameworks */,
				0189C97C23D5E8C800FAAF83 /* Sparkle.framework in Embed Frameworks */,
			);
			name = "Embed Frameworks";
			runOnlyForDeploymentPostprocessing = 0;
		};
		0189C97F23D5E8E300FAAF83 /* CopyFiles */ = {
			isa = PBXCopyFilesBuildPhase;
			buildActionMask = 2147483647;
			dstPath = "";
			dstSubfolderSpec = 16;
			files = (
				0189C98023D5E8F000FAAF83 /* PromiseKit.framework.dSYM in CopyFiles */,
				0189C98123D5E8F000FAAF83 /* Sparkle.framework.dSYM in CopyFiles */,
			);
			runOnlyForDeploymentPostprocessing = 0;
		};
/* End PBXCopyFilesBuildPhase section */

/* Begin PBXFileReference section */
		0105D8CD23E1BCB700141E11 /* VLCInfomations.swift */ = {isa = PBXFileReference; lastKnownFileType = sourcecode.swift; path = VLCInfomations.swift; sourceTree = "<group>"; };
		0105D8CF23E1C84300141E11 /* EririPlayer.swift */ = {isa = PBXFileReference; lastKnownFileType = sourcecode.swift; path = EririPlayer.swift; sourceTree = "<group>"; };
		01097A3E23E56C1900958F6E /* PlayerSliderView.swift */ = {isa = PBXFileReference; lastKnownFileType = sourcecode.swift; path = PlayerSliderView.swift; sourceTree = "<group>"; };
		0155757A23E02D7400ECC898 /* VLCPlayerExtension.swift */ = {isa = PBXFileReference; lastKnownFileType = sourcecode.swift; path = VLCPlayerExtension.swift; sourceTree = "<group>"; };
		0155757C23E0686200ECC898 /* InfoContentView.swift */ = {isa = PBXFileReference; lastKnownFileType = sourcecode.swift; path = InfoContentView.swift; sourceTree = "<group>"; };
		0189C95723D5CA2F00FAAF83 /* Eriri.app */ = {isa = PBXFileReference; explicitFileType = wrapper.application; includeInIndex = 0; path = Eriri.app; sourceTree = BUILT_PRODUCTS_DIR; };
		0189C95A23D5CA2F00FAAF83 /* AppDelegate.swift */ = {isa = PBXFileReference; lastKnownFileType = sourcecode.swift; path = AppDelegate.swift; sourceTree = "<group>"; };
		0189C95C23D5CA2F00FAAF83 /* ContentView.swift */ = {isa = PBXFileReference; lastKnownFileType = sourcecode.swift; path = ContentView.swift; sourceTree = "<group>"; };
		0189C95E23D5CA3300FAAF83 /* Assets.xcassets */ = {isa = PBXFileReference; lastKnownFileType = folder.assetcatalog; path = Assets.xcassets; sourceTree = "<group>"; };
		0189C96123D5CA3300FAAF83 /* Preview Assets.xcassets */ = {isa = PBXFileReference; lastKnownFileType = folder.assetcatalog; path = "Preview Assets.xcassets"; sourceTree = "<group>"; };
		0189C96423D5CA3300FAAF83 /* Base */ = {isa = PBXFileReference; lastKnownFileType = file.storyboard; name = Base; path = Base.lproj/Main.storyboard; sourceTree = "<group>"; };
		0189C96623D5CA3300FAAF83 /* Info.plist */ = {isa = PBXFileReference; lastKnownFileType = text.plist.xml; path = Info.plist; sourceTree = "<group>"; };
		0189C96E23D5E8BF00FAAF83 /* Sparkle.framework.dSYM */ = {isa = PBXFileReference; lastKnownFileType = wrapper.dsym; name = Sparkle.framework.dSYM; path = Carthage/Build/Mac/Sparkle.framework.dSYM; sourceTree = SOURCE_ROOT; };
		0189C96F23D5E8BF00FAAF83 /* Sparkle.framework */ = {isa = PBXFileReference; lastKnownFileType = wrapper.framework; name = Sparkle.framework; path = Carthage/Build/Mac/Sparkle.framework; sourceTree = SOURCE_ROOT; };
		0189C97023D5E8BF00FAAF83 /* PromiseKit.framework */ = {isa = PBXFileReference; lastKnownFileType = wrapper.framework; name = PromiseKit.framework; path = Carthage/Build/Mac/PromiseKit.framework; sourceTree = SOURCE_ROOT; };
		0189C97123D5E8BF00FAAF83 /* VLCKit.framework */ = {isa = PBXFileReference; lastKnownFileType = wrapper.framework; name = VLCKit.framework; path = Carthage/Build/Mac/VLCKit.framework; sourceTree = SOURCE_ROOT; };
		0189C97223D5E8BF00FAAF83 /* PromiseKit.framework.dSYM */ = {isa = PBXFileReference; lastKnownFileType = wrapper.dsym; name = PromiseKit.framework.dSYM; path = Carthage/Build/Mac/PromiseKit.framework.dSYM; sourceTree = SOURCE_ROOT; };
		0189C98323D5ED2600FAAF83 /* VideoView.swift */ = {isa = PBXFileReference; lastKnownFileType = sourcecode.swift; path = VideoView.swift; sourceTree = "<group>"; };
		018F0C2A23D6DEDB008ACF4B /* VideoControlView.swift */ = {isa = PBXFileReference; lastKnownFileType = sourcecode.swift; path = VideoControlView.swift; sourceTree = "<group>"; };
		018F0C3423D9E574008ACF4B /* VideoContainerView.swift */ = {isa = PBXFileReference; lastKnownFileType = sourcecode.swift; path = VideoContainerView.swift; sourceTree = "<group>"; };
		01D4A39523DDBE4600CAA688 /* VisualEffectView.swift */ = {isa = PBXFileReference; lastKnownFileType = sourcecode.swift; path = VisualEffectView.swift; sourceTree = "<group>"; };
		01D4A39723DEA40200CAA688 /* Utils.swift */ = {isa = PBXFileReference; lastKnownFileType = sourcecode.swift; path = Utils.swift; sourceTree = "<group>"; };
		01D4A39923DEE6D300CAA688 /* MainMenu.swift */ = {isa = PBXFileReference; lastKnownFileType = sourcecode.swift; path = MainMenu.swift; sourceTree = "<group>"; };
		01D4A3A123DF387800CAA688 /* WaitTimer.swift */ = {isa = PBXFileReference; fileEncoding = 4; lastKnownFileType = sourcecode.swift; path = WaitTimer.swift; sourceTree = "<group>"; };
		01F103E723E01ECA00D12931 /* NSWindowExtension.swift */ = {isa = PBXFileReference; lastKnownFileType = sourcecode.swift; path = NSWindowExtension.swift; sourceTree = "<group>"; };
/* End PBXFileReference section */

/* Begin PBXFrameworksBuildPhase section */
		0189C95423D5CA2F00FAAF83 /* Frameworks */ = {
			isa = PBXFrameworksBuildPhase;
			buildActionMask = 2147483647;
			files = (
				0189C97D23D5E8CA00FAAF83 /* VLCKit.framework in Frameworks */,
				0189C97823D5E8C700FAAF83 /* PromiseKit.framework in Frameworks */,
				0189C97B23D5E8C800FAAF83 /* Sparkle.framework in Frameworks */,
			);
			runOnlyForDeploymentPostprocessing = 0;
		};
/* End PBXFrameworksBuildPhase section */

/* Begin PBXGroup section */
		01097A3523E3EEE400958F6E /* VideoView */ = {
			isa = PBXGroup;
			children = (
				0189C95C23D5CA2F00FAAF83 /* ContentView.swift */,
				018F0C3423D9E574008ACF4B /* VideoContainerView.swift */,
				018F0C2A23D6DEDB008ACF4B /* VideoControlView.swift */,
				0189C98323D5ED2600FAAF83 /* VideoView.swift */,
				01D4A39523DDBE4600CAA688 /* VisualEffectView.swift */,
				01097A3E23E56C1900958F6E /* PlayerSliderView.swift */,
			);
			path = VideoView;
			sourceTree = "<group>";
		};
		01097A3623E3EEF900958F6E /* Info */ = {
			isa = PBXGroup;
			children = (
				0155757C23E0686200ECC898 /* InfoContentView.swift */,
				0105D8CD23E1BCB700141E11 /* VLCInfomations.swift */,
			);
			path = Info;
			sourceTree = "<group>";
		};
		0189C94E23D5CA2F00FAAF83 = {
			isa = PBXGroup;
			children = (
				0189C95923D5CA2F00FAAF83 /* Eriri */,
				0189C95823D5CA2F00FAAF83 /* Products */,
				0189C96D23D5E89D00FAAF83 /* Frameworks */,
			);
			sourceTree = "<group>";
		};
		0189C95823D5CA2F00FAAF83 /* Products */ = {
			isa = PBXGroup;
			children = (
				0189C95723D5CA2F00FAAF83 /* Eriri.app */,
			);
			name = Products;
			sourceTree = "<group>";
		};
		0189C95923D5CA2F00FAAF83 /* Eriri */ = {
			isa = PBXGroup;
			children = (
				0189C95A23D5CA2F00FAAF83 /* AppDelegate.swift */,
				01D4A39923DEE6D300CAA688 /* MainMenu.swift */,
				0189C95E23D5CA3300FAAF83 /* Assets.xcassets */,
				0189C96623D5CA3300FAAF83 /* Info.plist */,
				0189C96023D5CA3300FAAF83 /* Preview Content */,
				0189C98223D5ECFD00FAAF83 /* Views */,
				01F103E623E01EB300D12931 /* Extensions */,
				01F103E923E0206800D12931 /* Utils */,
			);
			path = Eriri;
			sourceTree = "<group>";
		};
		0189C96023D5CA3300FAAF83 /* Preview Content */ = {
			isa = PBXGroup;
			children = (
				0189C96123D5CA3300FAAF83 /* Preview Assets.xcassets */,
			);
			path = "Preview Content";
			sourceTree = "<group>";
		};
		0189C96D23D5E89D00FAAF83 /* Frameworks */ = {
			isa = PBXGroup;
			children = (
				0189C97023D5E8BF00FAAF83 /* PromiseKit.framework */,
				0189C97223D5E8BF00FAAF83 /* PromiseKit.framework.dSYM */,
				0189C96F23D5E8BF00FAAF83 /* Sparkle.framework */,
				0189C96E23D5E8BF00FAAF83 /* Sparkle.framework.dSYM */,
				0189C97123D5E8BF00FAAF83 /* VLCKit.framework */,
			);
			path = Frameworks;
			sourceTree = "<group>";
		};
		0189C98223D5ECFD00FAAF83 /* Views */ = {
			isa = PBXGroup;
			children = (
				0189C96323D5CA3300FAAF83 /* Main.storyboard */,
				01097A3523E3EEE400958F6E /* VideoView */,
				01097A3623E3EEF900958F6E /* Info */,
			);
			path = Views;
			sourceTree = "<group>";
		};
		01F103E623E01EB300D12931 /* Extensions */ = {
			isa = PBXGroup;
			children = (
				01F103E723E01ECA00D12931 /* NSWindowExtension.swift */,
				0155757A23E02D7400ECC898 /* VLCPlayerExtension.swift */,
			);
			path = Extensions;
			sourceTree = "<group>";
		};
		01F103E923E0206800D12931 /* Utils */ = {
			isa = PBXGroup;
			children = (
				01D4A3A123DF387800CAA688 /* WaitTimer.swift */,
				01D4A39723DEA40200CAA688 /* Utils.swift */,
				0105D8CF23E1C84300141E11 /* EririPlayer.swift */,
			);
			path = Utils;
			sourceTree = "<group>";
		};
/* End PBXGroup section */

/* Begin PBXNativeTarget section */
		0189C95623D5CA2F00FAAF83 /* Eriri */ = {
			isa = PBXNativeTarget;
			buildConfigurationList = 0189C96A23D5CA3300FAAF83 /* Build configuration list for PBXNativeTarget "Eriri" */;
			buildPhases = (
				0189C95323D5CA2F00FAAF83 /* Sources */,
				0189C95423D5CA2F00FAAF83 /* Frameworks */,
				0189C95523D5CA2F00FAAF83 /* Resources */,
				0189C97A23D5E8C700FAAF83 /* Embed Frameworks */,
				0189C97F23D5E8E300FAAF83 /* CopyFiles */,
			);
			buildRules = (
			);
			dependencies = (
			);
			name = Eriri;
			productName = Eriri;
			productReference = 0189C95723D5CA2F00FAAF83 /* Eriri.app */;
			productType = "com.apple.product-type.application";
		};
/* End PBXNativeTarget section */

/* Begin PBXProject section */
		0189C94F23D5CA2F00FAAF83 /* Project object */ = {
			isa = PBXProject;
			attributes = {
				LastSwiftUpdateCheck = 1130;
				LastUpgradeCheck = 1130;
				ORGANIZATIONNAME = xjbeta;
				TargetAttributes = {
					0189C95623D5CA2F00FAAF83 = {
						CreatedOnToolsVersion = 11.3.1;
					};
				};
			};
			buildConfigurationList = 0189C95223D5CA2F00FAAF83 /* Build configuration list for PBXProject "Eriri" */;
			compatibilityVersion = "Xcode 9.3";
			developmentRegion = en;
			hasScannedForEncodings = 0;
			knownRegions = (
				en,
				Base,
			);
			mainGroup = 0189C94E23D5CA2F00FAAF83;
			productRefGroup = 0189C95823D5CA2F00FAAF83 /* Products */;
			projectDirPath = "";
			projectRoot = "";
			targets = (
				0189C95623D5CA2F00FAAF83 /* Eriri */,
			);
		};
/* End PBXProject section */

/* Begin PBXResourcesBuildPhase section */
		0189C95523D5CA2F00FAAF83 /* Resources */ = {
			isa = PBXResourcesBuildPhase;
			buildActionMask = 2147483647;
			files = (
				0189C96523D5CA3300FAAF83 /* Main.storyboard in Resources */,
				0189C96223D5CA3300FAAF83 /* Preview Assets.xcassets in Resources */,
				0189C95F23D5CA3300FAAF83 /* Assets.xcassets in Resources */,
			);
			runOnlyForDeploymentPostprocessing = 0;
		};
/* End PBXResourcesBuildPhase section */

/* Begin PBXSourcesBuildPhase section */
		0189C95323D5CA2F00FAAF83 /* Sources */ = {
			isa = PBXSourcesBuildPhase;
			buildActionMask = 2147483647;
			files = (
				0105D8CE23E1BCB700141E11 /* VLCInfomations.swift in Sources */,
				018F0C2B23D6DEDB008ACF4B /* VideoControlView.swift in Sources */,
				01D4A3A223DF387900CAA688 /* WaitTimer.swift in Sources */,
				0189C98423D5ED2600FAAF83 /* VideoView.swift in Sources */,
				0105D8D023E1C84300141E11 /* EririPlayer.swift in Sources */,
				01D4A39623DDBE4600CAA688 /* VisualEffectView.swift in Sources */,
				01D4A39A23DEE6D300CAA688 /* MainMenu.swift in Sources */,
				0155757B23E02D7400ECC898 /* VLCPlayerExtension.swift in Sources */,
				0189C95D23D5CA2F00FAAF83 /* ContentView.swift in Sources */,
				01F103E823E01ECA00D12931 /* NSWindowExtension.swift in Sources */,
				018F0C3523D9E574008ACF4B /* VideoContainerView.swift in Sources */,
				01D4A39823DEA40200CAA688 /* Utils.swift in Sources */,
				01097A3F23E56C1900958F6E /* PlayerSliderView.swift in Sources */,
				0155757D23E0686200ECC898 /* InfoContentView.swift in Sources */,
				0189C95B23D5CA2F00FAAF83 /* AppDelegate.swift in Sources */,
			);
			runOnlyForDeploymentPostprocessing = 0;
		};
/* End PBXSourcesBuildPhase section */

/* Begin PBXVariantGroup section */
		0189C96323D5CA3300FAAF83 /* Main.storyboard */ = {
			isa = PBXVariantGroup;
			children = (
				0189C96423D5CA3300FAAF83 /* Base */,
			);
			name = Main.storyboard;
			sourceTree = "<group>";
		};
/* End PBXVariantGroup section */

/* Begin XCBuildConfiguration section */
		0189C96823D5CA3300FAAF83 /* Debug */ = {
			isa = XCBuildConfiguration;
			buildSettings = {
				ALWAYS_SEARCH_USER_PATHS = NO;
				CLANG_ANALYZER_NONNULL = YES;
				CLANG_ANALYZER_NUMBER_OBJECT_CONVERSION = YES_AGGRESSIVE;
				CLANG_CXX_LANGUAGE_STANDARD = "gnu++14";
				CLANG_CXX_LIBRARY = "libc++";
				CLANG_ENABLE_MODULES = YES;
				CLANG_ENABLE_OBJC_ARC = YES;
				CLANG_ENABLE_OBJC_WEAK = YES;
				CLANG_WARN_BLOCK_CAPTURE_AUTORELEASING = YES;
				CLANG_WARN_BOOL_CONVERSION = YES;
				CLANG_WARN_COMMA = YES;
				CLANG_WARN_CONSTANT_CONVERSION = YES;
				CLANG_WARN_DEPRECATED_OBJC_IMPLEMENTATIONS = YES;
				CLANG_WARN_DIRECT_OBJC_ISA_USAGE = YES_ERROR;
				CLANG_WARN_DOCUMENTATION_COMMENTS = YES;
				CLANG_WARN_EMPTY_BODY = YES;
				CLANG_WARN_ENUM_CONVERSION = YES;
				CLANG_WARN_INFINITE_RECURSION = YES;
				CLANG_WARN_INT_CONVERSION = YES;
				CLANG_WARN_NON_LITERAL_NULL_CONVERSION = YES;
				CLANG_WARN_OBJC_IMPLICIT_RETAIN_SELF = YES;
				CLANG_WARN_OBJC_LITERAL_CONVERSION = YES;
				CLANG_WARN_OBJC_ROOT_CLASS = YES_ERROR;
				CLANG_WARN_RANGE_LOOP_ANALYSIS = YES;
				CLANG_WARN_STRICT_PROTOTYPES = YES;
				CLANG_WARN_SUSPICIOUS_MOVE = YES;
				CLANG_WARN_UNGUARDED_AVAILABILITY = YES_AGGRESSIVE;
				CLANG_WARN_UNREACHABLE_CODE = YES;
				CLANG_WARN__DUPLICATE_METHOD_MATCH = YES;
				COPY_PHASE_STRIP = NO;
				DEBUG_INFORMATION_FORMAT = dwarf;
				ENABLE_STRICT_OBJC_MSGSEND = YES;
				ENABLE_TESTABILITY = YES;
				GCC_C_LANGUAGE_STANDARD = gnu11;
				GCC_DYNAMIC_NO_PIC = NO;
				GCC_NO_COMMON_BLOCKS = YES;
				GCC_OPTIMIZATION_LEVEL = 0;
				GCC_PREPROCESSOR_DEFINITIONS = (
					"DEBUG=1",
					"$(inherited)",
				);
				GCC_WARN_64_TO_32_BIT_CONVERSION = YES;
				GCC_WARN_ABOUT_RETURN_TYPE = YES_ERROR;
				GCC_WARN_UNDECLARED_SELECTOR = YES;
				GCC_WARN_UNINITIALIZED_AUTOS = YES_AGGRESSIVE;
				GCC_WARN_UNUSED_FUNCTION = YES;
				GCC_WARN_UNUSED_VARIABLE = YES;
				MACOSX_DEPLOYMENT_TARGET = 10.15;
				MTL_ENABLE_DEBUG_INFO = INCLUDE_SOURCE;
				MTL_FAST_MATH = YES;
				ONLY_ACTIVE_ARCH = YES;
				SDKROOT = macosx;
				SWIFT_ACTIVE_COMPILATION_CONDITIONS = DEBUG;
				SWIFT_OPTIMIZATION_LEVEL = "-Onone";
			};
			name = Debug;
		};
		0189C96923D5CA3300FAAF83 /* Release */ = {
			isa = XCBuildConfiguration;
			buildSettings = {
				ALWAYS_SEARCH_USER_PATHS = NO;
				CLANG_ANALYZER_NONNULL = YES;
				CLANG_ANALYZER_NUMBER_OBJECT_CONVERSION = YES_AGGRESSIVE;
				CLANG_CXX_LANGUAGE_STANDARD = "gnu++14";
				CLANG_CXX_LIBRARY = "libc++";
				CLANG_ENABLE_MODULES = YES;
				CLANG_ENABLE_OBJC_ARC = YES;
				CLANG_ENABLE_OBJC_WEAK = YES;
				CLANG_WARN_BLOCK_CAPTURE_AUTORELEASING = YES;
				CLANG_WARN_BOOL_CONVERSION = YES;
				CLANG_WARN_COMMA = YES;
				CLANG_WARN_CONSTANT_CONVERSION = YES;
				CLANG_WARN_DEPRECATED_OBJC_IMPLEMENTATIONS = YES;
				CLANG_WARN_DIRECT_OBJC_ISA_USAGE = YES_ERROR;
				CLANG_WARN_DOCUMENTATION_COMMENTS = YES;
				CLANG_WARN_EMPTY_BODY = YES;
				CLANG_WARN_ENUM_CONVERSION = YES;
				CLANG_WARN_INFINITE_RECURSION = YES;
				CLANG_WARN_INT_CONVERSION = YES;
				CLANG_WARN_NON_LITERAL_NULL_CONVERSION = YES;
				CLANG_WARN_OBJC_IMPLICIT_RETAIN_SELF = YES;
				CLANG_WARN_OBJC_LITERAL_CONVERSION = YES;
				CLANG_WARN_OBJC_ROOT_CLASS = YES_ERROR;
				CLANG_WARN_RANGE_LOOP_ANALYSIS = YES;
				CLANG_WARN_STRICT_PROTOTYPES = YES;
				CLANG_WARN_SUSPICIOUS_MOVE = YES;
				CLANG_WARN_UNGUARDED_AVAILABILITY = YES_AGGRESSIVE;
				CLANG_WARN_UNREACHABLE_CODE = YES;
				CLANG_WARN__DUPLICATE_METHOD_MATCH = YES;
				COPY_PHASE_STRIP = NO;
				DEBUG_INFORMATION_FORMAT = "dwarf-with-dsym";
				ENABLE_NS_ASSERTIONS = NO;
				ENABLE_STRICT_OBJC_MSGSEND = YES;
				GCC_C_LANGUAGE_STANDARD = gnu11;
				GCC_NO_COMMON_BLOCKS = YES;
				GCC_WARN_64_TO_32_BIT_CONVERSION = YES;
				GCC_WARN_ABOUT_RETURN_TYPE = YES_ERROR;
				GCC_WARN_UNDECLARED_SELECTOR = YES;
				GCC_WARN_UNINITIALIZED_AUTOS = YES_AGGRESSIVE;
				GCC_WARN_UNUSED_FUNCTION = YES;
				GCC_WARN_UNUSED_VARIABLE = YES;
				MACOSX_DEPLOYMENT_TARGET = 10.15;
				MTL_ENABLE_DEBUG_INFO = NO;
				MTL_FAST_MATH = YES;
				SDKROOT = macosx;
				SWIFT_COMPILATION_MODE = wholemodule;
				SWIFT_OPTIMIZATION_LEVEL = "-O";
			};
			name = Release;
		};
		0189C96B23D5CA3300FAAF83 /* Debug */ = {
			isa = XCBuildConfiguration;
			buildSettings = {
				ASSETCATALOG_COMPILER_APPICON_NAME = AppIcon;
				CODE_SIGN_ENTITLEMENTS = Eriri/Eriri.entitlements;
				CODE_SIGN_STYLE = Automatic;
				COMBINE_HIDPI_IMAGES = YES;
				DEVELOPMENT_ASSET_PATHS = "\"Eriri/Preview Content\"";
				ENABLE_PREVIEWS = YES;
				FRAMEWORK_SEARCH_PATHS = (
					"$(inherited)",
					"$(PROJECT_DIR)/Carthage/Build/Mac",
				);
				INFOPLIST_FILE = Eriri/Info.plist;
				LD_RUNPATH_SEARCH_PATHS = (
					"$(inherited)",
					"@executable_path/../Frameworks",
				);
				MACOSX_DEPLOYMENT_TARGET = 10.15;
				PRODUCT_BUNDLE_IDENTIFIER = com.xjbeta.Eriri;
				PRODUCT_NAME = "$(TARGET_NAME)";
				SWIFT_VERSION = 5.0;
			};
			name = Debug;
		};
		0189C96C23D5CA3300FAAF83 /* Release */ = {
			isa = XCBuildConfiguration;
			buildSettings = {
				ASSETCATALOG_COMPILER_APPICON_NAME = AppIcon;
				CODE_SIGN_ENTITLEMENTS = Eriri/Eriri.entitlements;
				CODE_SIGN_STYLE = Automatic;
				COMBINE_HIDPI_IMAGES = YES;
				DEVELOPMENT_ASSET_PATHS = "\"Eriri/Preview Content\"";
				ENABLE_PREVIEWS = YES;
				FRAMEWORK_SEARCH_PATHS = (
					"$(inherited)",
					"$(PROJECT_DIR)/Carthage/Build/Mac",
				);
				INFOPLIST_FILE = Eriri/Info.plist;
				LD_RUNPATH_SEARCH_PATHS = (
					"$(inherited)",
					"@executable_path/../Frameworks",
				);
				MACOSX_DEPLOYMENT_TARGET = 10.15;
				PRODUCT_BUNDLE_IDENTIFIER = com.xjbeta.Eriri;
				PRODUCT_NAME = "$(TARGET_NAME)";
				SWIFT_VERSION = 5.0;
			};
			name = Release;
		};
/* End XCBuildConfiguration section */

/* Begin XCConfigurationList section */
		0189C95223D5CA2F00FAAF83 /* Build configuration list for PBXProject "Eriri" */ = {
			isa = XCConfigurationList;
			buildConfigurations = (
				0189C96823D5CA3300FAAF83 /* Debug */,
				0189C96923D5CA3300FAAF83 /* Release */,
			);
			defaultConfigurationIsVisible = 0;
			defaultConfigurationName = Release;
		};
		0189C96A23D5CA3300FAAF83 /* Build configuration list for PBXNativeTarget "Eriri" */ = {
			isa = XCConfigurationList;
			buildConfigurations = (
				0189C96B23D5CA3300FAAF83 /* Debug */,
				0189C96C23D5CA3300FAAF83 /* Release */,
			);
			defaultConfigurationIsVisible = 0;
			defaultConfigurationName = Release;
		};
/* End XCConfigurationList section */
	};
	rootObject = 0189C94F23D5CA2F00FAAF83 /* Project object */;
}
